
Microsoft Visual Studio Solution File, Format Version 12.00
# Visual Studio Version 17
VisualStudioVersion = 17.9.34714.143
MinimumVisualStudioVersion = 10.0.40219.1
Project("{2150E333-8FDC-42A3-9474-1A3956D46DE8}") = "Microservices", "Microservices", "{DFE85248-A899-4C44-9A89-53F4CC621BEE}"
EndProject
Project("{FAE04EC0-301F-11D3-BF4B-00C04F79EFBC}") = "FitZone.GymsManagement", "FitZone.GymsManagement\FitZone.GymsManagement.csproj", "{D99896DD-D217-4574-BF9C-8D9D0E30BB1F}"
EndProject
Project("{FAE04EC0-301F-11D3-BF4B-00C04F79EFBC}") = "FitZone.AppHost", "FitZone.AppHost\FitZone.AppHost.csproj", "{768508AC-B5CE-4B26-B38D-7E611E6BBB28}"
EndProject
Project("{FAE04EC0-301F-11D3-BF4B-00C04F79EFBC}") = "FitZone.ServiceDefaults", "FitZone.ServiceDefaults\FitZone.ServiceDefaults.csproj", "{38C3554B-FDC0-B85D-F5C3-56CD7B9B19B5}"
EndProject
Project("{FAE04EC0-301F-11D3-BF4B-00C04F79EFBC}") = "FitZone.ScheduleService", "FitZone.ScheduleService\FitZone.ScheduleService.csproj", "{1CD68DD9-10D5-4289-B105-D8A121812905}"
EndProject
Project("{2150E333-8FDC-42A3-9474-1A3956D46DE8}") = "FitZone.EmployeeManagement", "FitZone.EmployeeManagement", "{02EA681E-C7D8-13C7-8484-4AC65E1B71E8}"
EndProject
Project("{FAE04EC0-301F-11D3-BF4B-00C04F79EFBC}") = "FitZone.EmployeeManagementAPI", "FitZone.EmployeeManagementAPI\FitZone.EmployeeManagementAPI.csproj", "{EB332F71-3BDE-8A5F-A653-09099805FF7F}"
EndProject
Project("{FAE04EC0-301F-11D3-BF4B-00C04F79EFBC}") = "FitZone.EmployeeManagement.Domain", "FitZone.EmployeeManagement.Domain\FitZone.EmployeeManagement.Domain.csproj", "{0EFDBA7E-9AE0-4904-A12F-588F6C1691D8}"
EndProject
Project("{FAE04EC0-301F-11D3-BF4B-00C04F79EFBC}") = "FitZone.EmployeeManagement.Infrastructure", "FitZone.EmployeeManagement.Infrastructure\FitZone.EmployeeManagement.Infrastructure.csproj", "{1221A935-79FD-4253-B45D-2B7C5EBD10B7}"
EndProject
Project("{FAE04EC0-301F-11D3-BF4B-00C04F79EFBC}") = "FitZone.EmployeeManagement.Application", "FitZone.EmployeeManagement.Application\FitZone.EmployeeManagement.Application.csproj", "{68C8C39B-2C11-46C7-91E8-013663FCE64C}"
EndProject
Project("{FAE04EC0-301F-11D3-BF4B-00C04F79EFBC}") = "FitZone.SubscriptionService", "FitZone.SubscriptionService\FitZone.SubscriptionService.csproj", "{1B97B077-54C7-6E28-8A54-5BF1570DD1FD}"
EndProject
Project("{FAE04EC0-301F-11D3-BF4B-00C04F79EFBC}") = "FitZone.CalorieTrackerService", "FitZone.CalorieTrackerService\FitZone.CalorieTrackerService.csproj", "{0073C149-AD09-2B5E-D8EE-4C0725F499DB}"
EndProject
Project("{FAE04EC0-301F-11D3-BF4B-00C04F79EFBC}") = "FitZone.SubscriptionValidationService", "FitZone.SubscriptionValidationService\FitZone.SubscriptionValidationService.csproj", "{0FDDBDD3-B2EA-8802-2C49-2575155654AE}"
EndProject
Project("{FAE04EC0-301F-11D3-BF4B-00C04F79EFBC}") = "FitZone.StatisticsService", "FitZone.StatisticsService\FitZone.StatisticsService.csproj", "{5B32FBF4-DA1B-E6A2-5D92-29326B785BB0}"
EndProject
Project("{FAE04EC0-301F-11D3-BF4B-00C04F79EFBC}") = "FitZone.AuthentificationService", "FitZone.AuthService\FitZone.AuthentificationService.csproj", "{FFE621F0-8F45-255E-162A-27A3FC4224E3}"
EndProject
Project("{FAE04EC0-301F-11D3-BF4B-00C04F79EFBC}") = "FitZone.AuthorizationService", "FitZone.AuthorizationService\FitZone.AuthorizationService.csproj", "{1CB7C362-1EC6-468B-8012-6D4EA93D1ADF}"
EndProject
Project("{FAE04EC0-301F-11D3-BF4B-00C04F79EFBC}") = "FitZone.Ocelot", "FitZone.Ocelot\FitZone.Ocelot.csproj", "{1127E83F-62CA-4B7A-FA62-89F5991AF601}"
EndProject
Global
	GlobalSection(SolutionConfigurationPlatforms) = preSolution
		Debug|Any CPU = Debug|Any CPU
		Release|Any CPU = Release|Any CPU
	EndGlobalSection
	GlobalSection(ProjectConfigurationPlatforms) = postSolution
		{D99896DD-D217-4574-BF9C-8D9D0E30BB1F}.Debug|Any CPU.ActiveCfg = Debug|Any CPU
		{D99896DD-D217-4574-BF9C-8D9D0E30BB1F}.Debug|Any CPU.Build.0 = Debug|Any CPU
		{D99896DD-D217-4574-BF9C-8D9D0E30BB1F}.Release|Any CPU.ActiveCfg = Release|Any CPU
		{D99896DD-D217-4574-BF9C-8D9D0E30BB1F}.Release|Any CPU.Build.0 = Release|Any CPU
		{768508AC-B5CE-4B26-B38D-7E611E6BBB28}.Debug|Any CPU.ActiveCfg = Debug|Any CPU
		{768508AC-B5CE-4B26-B38D-7E611E6BBB28}.Debug|Any CPU.Build.0 = Debug|Any CPU
		{768508AC-B5CE-4B26-B38D-7E611E6BBB28}.Release|Any CPU.ActiveCfg = Release|Any CPU
		{768508AC-B5CE-4B26-B38D-7E611E6BBB28}.Release|Any CPU.Build.0 = Release|Any CPU
		{38C3554B-FDC0-B85D-F5C3-56CD7B9B19B5}.Debug|Any CPU.ActiveCfg = Debug|Any CPU
		{38C3554B-FDC0-B85D-F5C3-56CD7B9B19B5}.Debug|Any CPU.Build.0 = Debug|Any CPU
		{38C3554B-FDC0-B85D-F5C3-56CD7B9B19B5}.Release|Any CPU.ActiveCfg = Release|Any CPU
		{38C3554B-FDC0-B85D-F5C3-56CD7B9B19B5}.Release|Any CPU.Build.0 = Release|Any CPU
		{1CD68DD9-10D5-4289-B105-D8A121812905}.Debug|Any CPU.ActiveCfg = Debug|Any CPU
		{1CD68DD9-10D5-4289-B105-D8A121812905}.Debug|Any CPU.Build.0 = Debug|Any CPU
		{1CD68DD9-10D5-4289-B105-D8A121812905}.Release|Any CPU.ActiveCfg = Release|Any CPU
		{1CD68DD9-10D5-4289-B105-D8A121812905}.Release|Any CPU.Build.0 = Release|Any CPU
		{EB332F71-3BDE-8A5F-A653-09099805FF7F}.Debug|Any CPU.ActiveCfg = Debug|Any CPU
		{EB332F71-3BDE-8A5F-A653-09099805FF7F}.Debug|Any CPU.Build.0 = Debug|Any CPU
		{EB332F71-3BDE-8A5F-A653-09099805FF7F}.Release|Any CPU.ActiveCfg = Release|Any CPU
		{EB332F71-3BDE-8A5F-A653-09099805FF7F}.Release|Any CPU.Build.0 = Release|Any CPU
		{0EFDBA7E-9AE0-4904-A12F-588F6C1691D8}.Debug|Any CPU.ActiveCfg = Debug|Any CPU
		{0EFDBA7E-9AE0-4904-A12F-588F6C1691D8}.Debug|Any CPU.Build.0 = Debug|Any CPU
		{0EFDBA7E-9AE0-4904-A12F-588F6C1691D8}.Release|Any CPU.ActiveCfg = Release|Any CPU
		{0EFDBA7E-9AE0-4904-A12F-588F6C1691D8}.Release|Any CPU.Build.0 = Release|Any CPU
		{1221A935-79FD-4253-B45D-2B7C5EBD10B7}.Debug|Any CPU.ActiveCfg = Debug|Any CPU
		{1221A935-79FD-4253-B45D-2B7C5EBD10B7}.Debug|Any CPU.Build.0 = Debug|Any CPU
		{1221A935-79FD-4253-B45D-2B7C5EBD10B7}.Release|Any CPU.ActiveCfg = Release|Any CPU
		{1221A935-79FD-4253-B45D-2B7C5EBD10B7}.Release|Any CPU.Build.0 = Release|Any CPU
		{68C8C39B-2C11-46C7-91E8-013663FCE64C}.Debug|Any CPU.ActiveCfg = Debug|Any CPU
		{68C8C39B-2C11-46C7-91E8-013663FCE64C}.Debug|Any CPU.Build.0 = Debug|Any CPU
		{68C8C39B-2C11-46C7-91E8-013663FCE64C}.Release|Any CPU.ActiveCfg = Release|Any CPU
		{68C8C39B-2C11-46C7-91E8-013663FCE64C}.Release|Any CPU.Build.0 = Release|Any CPU
		{1B97B077-54C7-6E28-8A54-5BF1570DD1FD}.Debug|Any CPU.ActiveCfg = Debug|Any CPU
		{1B97B077-54C7-6E28-8A54-5BF1570DD1FD}.Debug|Any CPU.Build.0 = Debug|Any CPU
		{1B97B077-54C7-6E28-8A54-5BF1570DD1FD}.Release|Any CPU.ActiveCfg = Release|Any CPU
		{1B97B077-54C7-6E28-8A54-5BF1570DD1FD}.Release|Any CPU.Build.0 = Release|Any CPU
		{0073C149-AD09-2B5E-D8EE-4C0725F499DB}.Debug|Any CPU.ActiveCfg = Debug|Any CPU
		{0073C149-AD09-2B5E-D8EE-4C0725F499DB}.Debug|Any CPU.Build.0 = Debug|Any CPU
		{0073C149-AD09-2B5E-D8EE-4C0725F499DB}.Release|Any CPU.ActiveCfg = Release|Any CPU
		{0073C149-AD09-2B5E-D8EE-4C0725F499DB}.Release|Any CPU.Build.0 = Release|Any CPU
		{0FDDBDD3-B2EA-8802-2C49-2575155654AE}.Debug|Any CPU.ActiveCfg = Debug|Any CPU
		{0FDDBDD3-B2EA-8802-2C49-2575155654AE}.Debug|Any CPU.Build.0 = Debug|Any CPU
		{0FDDBDD3-B2EA-8802-2C49-2575155654AE}.Release|Any CPU.ActiveCfg = Release|Any CPU
		{0FDDBDD3-B2EA-8802-2C49-2575155654AE}.Release|Any CPU.Build.0 = Release|Any CPU
		{5B32FBF4-DA1B-E6A2-5D92-29326B785BB0}.Debug|Any CPU.ActiveCfg = Debug|Any CPU
		{5B32FBF4-DA1B-E6A2-5D92-29326B785BB0}.Debug|Any CPU.Build.0 = Debug|Any CPU
		{5B32FBF4-DA1B-E6A2-5D92-29326B785BB0}.Release|Any CPU.ActiveCfg = Release|Any CPU
		{5B32FBF4-DA1B-E6A2-5D92-29326B785BB0}.Release|Any CPU.Build.0 = Release|Any CPU
		{FFE621F0-8F45-255E-162A-27A3FC4224E3}.Debug|Any CPU.ActiveCfg = Debug|Any CPU
		{FFE621F0-8F45-255E-162A-27A3FC4224E3}.Debug|Any CPU.Build.0 = Debug|Any CPU
		{FFE621F0-8F45-255E-162A-27A3FC4224E3}.Release|Any CPU.ActiveCfg = Release|Any CPU
		{FFE621F0-8F45-255E-162A-27A3FC4224E3}.Release|Any CPU.Build.0 = Release|Any CPU
		{1CB7C362-1EC6-468B-8012-6D4EA93D1ADF}.Debug|Any CPU.ActiveCfg = Debug|Any CPU
		{1CB7C362-1EC6-468B-8012-6D4EA93D1ADF}.Debug|Any CPU.Build.0 = Debug|Any CPU
		{1CB7C362-1EC6-468B-8012-6D4EA93D1ADF}.Release|Any CPU.ActiveCfg = Release|Any CPU
		{1CB7C362-1EC6-468B-8012-6D4EA93D1ADF}.Release|Any CPU.Build.0 = Release|Any CPU
		{1127E83F-62CA-4B7A-FA62-89F5991AF601}.Debug|Any CPU.ActiveCfg = Debug|Any CPU
		{1127E83F-62CA-4B7A-FA62-89F5991AF601}.Debug|Any CPU.Build.0 = Debug|Any CPU
		{1127E83F-62CA-4B7A-FA62-89F5991AF601}.Release|Any CPU.ActiveCfg = Release|Any CPU
		{1127E83F-62CA-4B7A-FA62-89F5991AF601}.Release|Any CPU.Build.0 = Release|Any CPU
	EndGlobalSection
	GlobalSection(SolutionProperties) = preSolution
		HideSolutionNode = FALSE
	EndGlobalSection
	GlobalSection(NestedProjects) = preSolution
		{D99896DD-D217-4574-BF9C-8D9D0E30BB1F} = {DFE85248-A899-4C44-9A89-53F4CC621BEE}
		{1CD68DD9-10D5-4289-B105-D8A121812905} = {DFE85248-A899-4C44-9A89-53F4CC621BEE}
		{02EA681E-C7D8-13C7-8484-4AC65E1B71E8} = {DFE85248-A899-4C44-9A89-53F4CC621BEE}
		{EB332F71-3BDE-8A5F-A653-09099805FF7F} = {02EA681E-C7D8-13C7-8484-4AC65E1B71E8}
		{0EFDBA7E-9AE0-4904-A12F-588F6C1691D8} = {02EA681E-C7D8-13C7-8484-4AC65E1B71E8}
		{1221A935-79FD-4253-B45D-2B7C5EBD10B7} = {02EA681E-C7D8-13C7-8484-4AC65E1B71E8}
		{68C8C39B-2C11-46C7-91E8-013663FCE64C} = {02EA681E-C7D8-13C7-8484-4AC65E1B71E8}
		{1B97B077-54C7-6E28-8A54-5BF1570DD1FD} = {DFE85248-A899-4C44-9A89-53F4CC621BEE}
		{0073C149-AD09-2B5E-D8EE-4C0725F499DB} = {DFE85248-A899-4C44-9A89-53F4CC621BEE}
		{0FDDBDD3-B2EA-8802-2C49-2575155654AE} = {DFE85248-A899-4C44-9A89-53F4CC621BEE}
		{5B32FBF4-DA1B-E6A2-5D92-29326B785BB0} = {DFE85248-A899-4C44-9A89-53F4CC621BEE}
		{FFE621F0-8F45-255E-162A-27A3FC4224E3} = {DFE85248-A899-4C44-9A89-53F4CC621BEE}
		{1CB7C362-1EC6-468B-8012-6D4EA93D1ADF} = {DFE85248-A899-4C44-9A89-53F4CC621BEE}
		{1127E83F-62CA-4B7A-FA62-89F5991AF601} = {DFE85248-A899-4C44-9A89-53F4CC621BEE}
	EndGlobalSection
	GlobalSection(ExtensibilityGlobals) = postSolution
		SolutionGuid = {FF9FFD14-ADB0-47BD-9B0D-27BEB58DEA7D}
	EndGlobalSection
EndGlobal
